
Microsoft Visual Studio Solution File, Format Version 12.00
# Visual Studio Version 16
VisualStudioVersion = 16.0.34031.81
MinimumVisualStudioVersion = 10.0.40219.1
Project("{FAE04EC0-301F-11D3-BF4B-00C04F79EFBC}") = "BT_02", "BT_02\BT_02.csproj", "{43E42E4E-9287-4480-B0A7-5DA285847C94}"
EndProject
Project("{FAE04EC0-301F-11D3-BF4B-00C04F79EFBC}") = "Lienketdanhsachdon", "Lienketdanhsachdon\Lienketdanhsachdon.csproj", "{D90C0577-8B2E-43E0-96FE-2887D8FD4D3E}"
EndProject
Global
	GlobalSection(SolutionConfigurationPlatforms) = preSolution
		Debug|Any CPU = Debug|Any CPU
		Release|Any CPU = Release|Any CPU
	EndGlobalSection
	GlobalSection(ProjectConfigurationPlatforms) = postSolution
		{43E42E4E-9287-4480-B0A7-5DA285847C94}.Debug|Any CPU.ActiveCfg = Debug|Any CPU
		{43E42E4E-9287-4480-B0A7-5DA285847C94}.Debug|Any CPU.Build.0 = Debug|Any CPU
		{43E42E4E-9287-4480-B0A7-5DA285847C94}.Release|Any CPU.ActiveCfg = Release|Any CPU
		{43E42E4E-9287-4480-B0A7-5DA285847C94}.Release|Any CPU.Build.0 = Release|Any CPU
		{D90C0577-8B2E-43E0-96FE-2887D8FD4D3E}.Debug|Any CPU.ActiveCfg = Debug|Any CPU
		{D90C0577-8B2E-43E0-96FE-2887D8FD4D3E}.Debug|Any CPU.Build.0 = Debug|Any CPU
		{D90C0577-8B2E-43E0-96FE-2887D8FD4D3E}.Release|Any CPU.ActiveCfg = Release|Any CPU
		{D90C0577-8B2E-43E0-96FE-2887D8FD4D3E}.Release|Any CPU.Build.0 = Release|Any CPU
	EndGlobalSection
	GlobalSection(SolutionProperties) = preSolution
		HideSolutionNode = FALSE
	EndGlobalSection
	GlobalSection(ExtensibilityGlobals) = postSolution
		SolutionGuid = {FFFF074A-0702-4AF7-A7C8-1492F3C97041}
	EndGlobalSection
EndGlobal
